// !$*UTF8*$!
{
	archiveVersion = 1;
	classes = {
	};
	objectVersion = 48;
	objects = {

/* Begin PBXBuildFile section */
		4D20C1C2FC53515C98C4BF4D /* libPods-Cache.a in Frameworks */ = {isa = PBXBuildFile; fileRef = 5505E8C69F8234673A2F2BBD /* libPods-Cache.a */; };
		BF9ABB6A1FD0BED000775F7B /* AppDelegate.m in Sources */ = {isa = PBXBuildFile; fileRef = BF9ABB691FD0BED000775F7B /* AppDelegate.m */; };
		BF9ABB6D1FD0BED000775F7B /* ViewController.m in Sources */ = {isa = PBXBuildFile; fileRef = BF9ABB6C1FD0BED000775F7B /* ViewController.m */; };
		BF9ABB701FD0BED000775F7B /* Main.storyboard in Resources */ = {isa = PBXBuildFile; fileRef = BF9ABB6E1FD0BED000775F7B /* Main.storyboard */; };
		BF9ABB721FD0BED000775F7B /* Assets.xcassets in Resources */ = {isa = PBXBuildFile; fileRef = BF9ABB711FD0BED000775F7B /* Assets.xcassets */; };
		BF9ABB751FD0BED000775F7B /* LaunchScreen.storyboard in Resources */ = {isa = PBXBuildFile; fileRef = BF9ABB731FD0BED000775F7B /* LaunchScreen.storyboard */; };
		BF9ABB781FD0BED000775F7B /* main.m in Sources */ = {isa = PBXBuildFile; fileRef = BF9ABB771FD0BED000775F7B /* main.m */; };
		BF9ABB9A1FD0C13100775F7B /* ZFHomeViewController.m in Sources */ = {isa = PBXBuildFile; fileRef = BF9ABB981FD0C13100775F7B /* ZFHomeViewController.m */; };
		BF9ABB9B1FD0C13100775F7B /* ZFHomeViewController.xib in Resources */ = {isa = PBXBuildFile; fileRef = BF9ABB991FD0C13100775F7B /* ZFHomeViewController.xib */; };
		BF9ABB9E1FD0C14B00775F7B /* ZFNetWorkCacheTool.m in Sources */ = {isa = PBXBuildFile; fileRef = BF9ABB9D1FD0C14B00775F7B /* ZFNetWorkCacheTool.m */; };
		BF9ABBA21FD0DA1900775F7B /* ZFHomeTableViewCell.m in Sources */ = {isa = PBXBuildFile; fileRef = BF9ABBA01FD0DA1900775F7B /* ZFHomeTableViewCell.m */; };
		BF9ABBA31FD0DA1900775F7B /* ZFHomeTableViewCell.xib in Resources */ = {isa = PBXBuildFile; fileRef = BF9ABBA11FD0DA1900775F7B /* ZFHomeTableViewCell.xib */; };
/* End PBXBuildFile section */

/* Begin PBXFileReference section */
		5505E8C69F8234673A2F2BBD /* libPods-Cache.a */ = {isa = PBXFileReference; explicitFileType = archive.ar; includeInIndex = 0; path = "libPods-Cache.a"; sourceTree = BUILT_PRODUCTS_DIR; };
		BE0BF712F7C8DF17B08E5D2B /* Pods-Cache.debug.xcconfig */ = {isa = PBXFileReference; includeInIndex = 1; lastKnownFileType = text.xcconfig; name = "Pods-Cache.debug.xcconfig"; path = "Pods/Target Support Files/Pods-Cache/Pods-Cache.debug.xcconfig"; sourceTree = "<group>"; };
		BF9ABB651FD0BED000775F7B /* Cache.app */ = {isa = PBXFileReference; explicitFileType = wrapper.application; includeInIndex = 0; path = Cache.app; sourceTree = BUILT_PRODUCTS_DIR; };
		BF9ABB681FD0BED000775F7B /* AppDelegate.h */ = {isa = PBXFileReference; lastKnownFileType = sourcecode.c.h; path = AppDelegate.h; sourceTree = "<group>"; };
		BF9ABB691FD0BED000775F7B /* AppDelegate.m */ = {isa = PBXFileReference; lastKnownFileType = sourcecode.c.objc; path = AppDelegate.m; sourceTree = "<group>"; };
		BF9ABB6B1FD0BED000775F7B /* ViewController.h */ = {isa = PBXFileReference; lastKnownFileType = sourcecode.c.h; path = ViewController.h; sourceTree = "<group>"; };
		BF9ABB6C1FD0BED000775F7B /* ViewController.m */ = {isa = PBXFileReference; lastKnownFileType = sourcecode.c.objc; path = ViewController.m; sourceTree = "<group>"; };
		BF9ABB6F1FD0BED000775F7B /* Base */ = {isa = PBXFileReference; lastKnownFileType = file.storyboard; name = Base; path = Base.lproj/Main.storyboard; sourceTree = "<group>"; };
		BF9ABB711FD0BED000775F7B /* Assets.xcassets */ = {isa = PBXFileReference; lastKnownFileType = folder.assetcatalog; path = Assets.xcassets; sourceTree = "<group>"; };
		BF9ABB741FD0BED000775F7B /* Base */ = {isa = PBXFileReference; lastKnownFileType = file.storyboard; name = Base; path = Base.lproj/LaunchScreen.storyboard; sourceTree = "<group>"; };
		BF9ABB761FD0BED000775F7B /* Info.plist */ = {isa = PBXFileReference; lastKnownFileType = text.plist.xml; path = Info.plist; sourceTree = "<group>"; };
		BF9ABB771FD0BED000775F7B /* main.m */ = {isa = PBXFileReference; lastKnownFileType = sourcecode.c.objc; path = main.m; sourceTree = "<group>"; };
		BF9ABB971FD0C13100775F7B /* ZFHomeViewController.h */ = {isa = PBXFileReference; lastKnownFileType = sourcecode.c.h; path = ZFHomeViewController.h; sourceTree = "<group>"; };
		BF9ABB981FD0C13100775F7B /* ZFHomeViewController.m */ = {isa = PBXFileReference; lastKnownFileType = sourcecode.c.objc; path = ZFHomeViewController.m; sourceTree = "<group>"; };
		BF9ABB991FD0C13100775F7B /* ZFHomeViewController.xib */ = {isa = PBXFileReference; lastKnownFileType = file.xib; path = ZFHomeViewController.xib; sourceTree = "<group>"; };
		BF9ABB9C1FD0C14B00775F7B /* ZFNetWorkCacheTool.h */ = {isa = PBXFileReference; lastKnownFileType = sourcecode.c.h; path = ZFNetWorkCacheTool.h; sourceTree = "<group>"; };
		BF9ABB9D1FD0C14B00775F7B /* ZFNetWorkCacheTool.m */ = {isa = PBXFileReference; lastKnownFileType = sourcecode.c.objc; path = ZFNetWorkCacheTool.m; sourceTree = "<group>"; };
		BF9ABB9F1FD0DA1900775F7B /* ZFHomeTableViewCell.h */ = {isa = PBXFileReference; lastKnownFileType = sourcecode.c.h; path = ZFHomeTableViewCell.h; sourceTree = "<group>"; };
		BF9ABBA01FD0DA1900775F7B /* ZFHomeTableViewCell.m */ = {isa = PBXFileReference; lastKnownFileType = sourcecode.c.objc; path = ZFHomeTableViewCell.m; sourceTree = "<group>"; };
		BF9ABBA11FD0DA1900775F7B /* ZFHomeTableViewCell.xib */ = {isa = PBXFileReference; lastKnownFileType = file.xib; path = ZFHomeTableViewCell.xib; sourceTree = "<group>"; };
		DFBDBC21FCB0AA7957F62B1E /* Pods-Cache.release.xcconfig */ = {isa = PBXFileReference; includeInIndex = 1; lastKnownFileType = text.xcconfig; name = "Pods-Cache.release.xcconfig"; path = "Pods/Target Support Files/Pods-Cache/Pods-Cache.release.xcconfig"; sourceTree = "<group>"; };
/* End PBXFileReference section */

/* Begin PBXFrameworksBuildPhase section */
		BF9ABB621FD0BED000775F7B /* Frameworks */ = {
			isa = PBXFrameworksBuildPhase;
			buildActionMask = 2147483647;
			files = (
				4D20C1C2FC53515C98C4BF4D /* libPods-Cache.a in Frameworks */,
			);
			runOnlyForDeploymentPostprocessing = 0;
		};
/* End PBXFrameworksBuildPhase section */

/* Begin PBXGroup section */
		3AAB78161E62D9A7452F0DD6 /* Frameworks */ = {
			isa = PBXGroup;
			children = (
				5505E8C69F8234673A2F2BBD /* libPods-Cache.a */,
			);
			name = Frameworks;
			sourceTree = "<group>";
		};
		BF9ABB5C1FD0BED000775F7B = {
			isa = PBXGroup;
			children = (
				BF9ABB671FD0BED000775F7B /* Cache */,
				BF9ABB661FD0BED000775F7B /* Products */,
				F66684725BA4FB8596A1430A /* Pods */,
				3AAB78161E62D9A7452F0DD6 /* Frameworks */,
			);
			sourceTree = "<group>";
		};
		BF9ABB661FD0BED000775F7B /* Products */ = {
			isa = PBXGroup;
			children = (
				BF9ABB651FD0BED000775F7B /* Cache.app */,
			);
			name = Products;
			sourceTree = "<group>";
		};
		BF9ABB671FD0BED000775F7B /* Cache */ = {
			isa = PBXGroup;
			children = (
				BF9ABB911FD0C10600775F7B /* Classes */,
				BF9ABB681FD0BED000775F7B /* AppDelegate.h */,
				BF9ABB691FD0BED000775F7B /* AppDelegate.m */,
				BF9ABB6B1FD0BED000775F7B /* ViewController.h */,
				BF9ABB6C1FD0BED000775F7B /* ViewController.m */,
				BF9ABB6E1FD0BED000775F7B /* Main.storyboard */,
				BF9ABB711FD0BED000775F7B /* Assets.xcassets */,
				BF9ABB731FD0BED000775F7B /* LaunchScreen.storyboard */,
				BF9ABB761FD0BED000775F7B /* Info.plist */,
				BF9ABB771FD0BED000775F7B /* main.m */,
			);
			path = Cache;
			sourceTree = "<group>";
		};
		BF9ABB911FD0C10600775F7B /* Classes */ = {
			isa = PBXGroup;
			children = (
				BF9ABB921FD0C10600775F7B /* Home */,
				BF9ABB961FD0C10600775F7B /* Tool */,
			);
			path = Classes;
			sourceTree = "<group>";
		};
		BF9ABB921FD0C10600775F7B /* Home */ = {
			isa = PBXGroup;
			children = (
				BF9ABB931FD0C10600775F7B /* Controller */,
				BF9ABB941FD0C10600775F7B /* Model */,
				BF9ABB951FD0C10600775F7B /* View */,
			);
			path = Home;
			sourceTree = "<group>";
		};
		BF9ABB931FD0C10600775F7B /* Controller */ = {
			isa = PBXGroup;
			children = (
				BF9ABB971FD0C13100775F7B /* ZFHomeViewController.h */,
				BF9ABB981FD0C13100775F7B /* ZFHomeViewController.m */,
				BF9ABB991FD0C13100775F7B /* ZFHomeViewController.xib */,
			);
			path = Controller;
			sourceTree = "<group>";
		};
		BF9ABB941FD0C10600775F7B /* Model */ = {
			isa = PBXGroup;
			children = (
			);
			path = Model;
			sourceTree = "<group>";
		};
		BF9ABB951FD0C10600775F7B /* View */ = {
			isa = PBXGroup;
			children = (
				BF9ABB9F1FD0DA1900775F7B /* ZFHomeTableViewCell.h */,
				BF9ABBA01FD0DA1900775F7B /* ZFHomeTableViewCell.m */,
				BF9ABBA11FD0DA1900775F7B /* ZFHomeTableViewCell.xib */,
			);
			path = View;
			sourceTree = "<group>";
		};
		BF9ABB961FD0C10600775F7B /* Tool */ = {
			isa = PBXGroup;
			children = (
				BF9ABB9C1FD0C14B00775F7B /* ZFNetWorkCacheTool.h */,
				BF9ABB9D1FD0C14B00775F7B /* ZFNetWorkCacheTool.m */,
			);
			path = Tool;
			sourceTree = "<group>";
		};
		F66684725BA4FB8596A1430A /* Pods */ = {
			isa = PBXGroup;
			children = (
				BE0BF712F7C8DF17B08E5D2B /* Pods-Cache.debug.xcconfig */,
				DFBDBC21FCB0AA7957F62B1E /* Pods-Cache.release.xcconfig */,
			);
			name = Pods;
			sourceTree = "<group>";
		};
/* End PBXGroup section */

/* Begin PBXNativeTarget section */
		BF9ABB641FD0BED000775F7B /* Cache */ = {
			isa = PBXNativeTarget;
			buildConfigurationList = BF9ABB7B1FD0BED000775F7B /* Build configuration list for PBXNativeTarget "Cache" */;
			buildPhases = (
				6C21BB3A7D03FDC37E5F96F8 /* [CP] Check Pods Manifest.lock */,
				BF9ABB611FD0BED000775F7B /* Sources */,
				BF9ABB621FD0BED000775F7B /* Frameworks */,
				BF9ABB631FD0BED000775F7B /* Resources */,
				7A1C6BAF93687B8640DAD391 /* [CP] Embed Pods Frameworks */,
				A9F5CFA778B10937B5B16675 /* [CP] Copy Pods Resources */,
			);
			buildRules = (
			);
			dependencies = (
			);
			name = Cache;
			productName = Cache;
			productReference = BF9ABB651FD0BED000775F7B /* Cache.app */;
			productType = "com.apple.product-type.application";
		};
/* End PBXNativeTarget section */

/* Begin PBXProject section */
		BF9ABB5D1FD0BED000775F7B /* Project object */ = {
			isa = PBXProject;
			attributes = {
				LastUpgradeCheck = 0910;
				ORGANIZATIONNAME = bailing;
				TargetAttributes = {
					BF9ABB641FD0BED000775F7B = {
						CreatedOnToolsVersion = 9.1;
						ProvisioningStyle = Automatic;
					};
				};
			};
			buildConfigurationList = BF9ABB601FD0BED000775F7B /* Build configuration list for PBXProject "Cache" */;
			compatibilityVersion = "Xcode 8.0";
			developmentRegion = en;
			hasScannedForEncodings = 0;
			knownRegions = (
				en,
				Base,
			);
			mainGroup = BF9ABB5C1FD0BED000775F7B;
			productRefGroup = BF9ABB661FD0BED000775F7B /* Products */;
			projectDirPath = "";
			projectRoot = "";
			targets = (
				BF9ABB641FD0BED000775F7B /* Cache */,
			);
		};
/* End PBXProject section */

/* Begin PBXResourcesBuildPhase section */
		BF9ABB631FD0BED000775F7B /* Resources */ = {
			isa = PBXResourcesBuildPhase;
			buildActionMask = 2147483647;
			files = (
				BF9ABB751FD0BED000775F7B /* LaunchScreen.storyboard in Resources */,
				BF9ABB9B1FD0C13100775F7B /* ZFHomeViewController.xib in Resources */,
				BF9ABBA31FD0DA1900775F7B /* ZFHomeTableViewCell.xib in Resources */,
				BF9ABB721FD0BED000775F7B /* Assets.xcassets in Resources */,
				BF9ABB701FD0BED000775F7B /* Main.storyboard in Resources */,
			);
			runOnlyForDeploymentPostprocessing = 0;
		};
/* End PBXResourcesBuildPhase section */

/* Begin PBXShellScriptBuildPhase section */
		6C21BB3A7D03FDC37E5F96F8 /* [CP] Check Pods Manifest.lock */ = {
			isa = PBXShellScriptBuildPhase;
			buildActionMask = 2147483647;
			files = (
			);
			inputPaths = (
				"${PODS_PODFILE_DIR_PATH}/Podfile.lock",
				"${PODS_ROOT}/Manifest.lock",
			);
			name = "[CP] Check Pods Manifest.lock";
			outputPaths = (
				"$(DERIVED_FILE_DIR)/Pods-Cache-checkManifestLockResult.txt",
			);
			runOnlyForDeploymentPostprocessing = 0;
			shellPath = /bin/sh;
			shellScript = "diff \"${PODS_PODFILE_DIR_PATH}/Podfile.lock\" \"${PODS_ROOT}/Manifest.lock\" > /dev/null\nif [ $? != 0 ] ; then\n    # print error to STDERR\n    echo \"error: The sandbox is not in sync with the Podfile.lock. Run 'pod install' or update your CocoaPods installation.\" >&2\n    exit 1\nfi\n# This output is used by Xcode 'outputs' to avoid re-running this script phase.\necho \"SUCCESS\" > \"${SCRIPT_OUTPUT_FILE_0}\"\n";
			showEnvVarsInLog = 0;
		};
		7A1C6BAF93687B8640DAD391 /* [CP] Embed Pods Frameworks */ = {
			isa = PBXShellScriptBuildPhase;
			buildActionMask = 2147483647;
			files = (
			);
			inputPaths = (
			);
			name = "[CP] Embed Pods Frameworks";
			outputPaths = (
			);
			runOnlyForDeploymentPostprocessing = 0;
			shellPath = /bin/sh;
			shellScript = "\"${SRCROOT}/Pods/Target Support Files/Pods-Cache/Pods-Cache-frameworks.sh\"\n";
			showEnvVarsInLog = 0;
		};
		A9F5CFA778B10937B5B16675 /* [CP] Copy Pods Resources */ = {
			isa = PBXShellScriptBuildPhase;
			buildActionMask = 2147483647;
			files = (
			);
			inputPaths = (
			);
			name = "[CP] Copy Pods Resources";
			outputPaths = (
			);
			runOnlyForDeploymentPostprocessing = 0;
			shellPath = /bin/sh;
			shellScript = "\"${SRCROOT}/Pods/Target Support Files/Pods-Cache/Pods-Cache-resources.sh\"\n";
			showEnvVarsInLog = 0;
		};
/* End PBXShellScriptBuildPhase section */

/* Begin PBXSourcesBuildPhase section */
		BF9ABB611FD0BED000775F7B /* Sources */ = {
			isa = PBXSourcesBuildPhase;
			buildActionMask = 2147483647;
			files = (
				BF9ABBA21FD0DA1900775F7B /* ZFHomeTableViewCell.m in Sources */,
				BF9ABB9E1FD0C14B00775F7B /* ZFNetWorkCacheTool.m in Sources */,
				BF9ABB6D1FD0BED000775F7B /* ViewController.m in Sources */,
				BF9ABB9A1FD0C13100775F7B /* ZFHomeViewController.m in Sources */,
				BF9ABB781FD0BED000775F7B /* main.m in Sources */,
				BF9ABB6A1FD0BED000775F7B /* AppDelegate.m in Sources */,
			);
			runOnlyForDeploymentPostprocessing = 0;
		};
/* End PBXSourcesBuildPhase section */

/* Begin PBXVariantGroup section */
		BF9ABB6E1FD0BED000775F7B /* Main.storyboard */ = {
			isa = PBXVariantGroup;
			children = (
				BF9ABB6F1FD0BED000775F7B /* Base */,
			);
			name = Main.storyboard;
			sourceTree = "<group>";
		};
		BF9ABB731FD0BED000775F7B /* LaunchScreen.storyboard */ = {
			isa = PBXVariantGroup;
			children = (
				BF9ABB741FD0BED000775F7B /* Base */,
			);
			name = LaunchScreen.storyboard;
			sourceTree = "<group>";
		};
/* End PBXVariantGroup section */

/* Begin XCBuildConfiguration section */
		BF9ABB791FD0BED000775F7B /* Debug */ = {
			isa = XCBuildConfiguration;
			buildSettings = {
				ALWAYS_SEARCH_USER_PATHS = NO;
				CLANG_ANALYZER_NONNULL = YES;
				CLANG_ANALYZER_NUMBER_OBJECT_CONVERSION = YES_AGGRESSIVE;
				CLANG_CXX_LANGUAGE_STANDARD = "gnu++14";
				CLANG_CXX_LIBRARY = "libc++";
				CLANG_ENABLE_MODULES = YES;
				CLANG_ENABLE_OBJC_ARC = YES;
				CLANG_WARN_BLOCK_CAPTURE_AUTORELEASING = YES;
				CLANG_WARN_BOOL_CONVERSION = YES;
				CLANG_WARN_COMMA = YES;
				CLANG_WARN_CONSTANT_CONVERSION = YES;
				CLANG_WARN_DIRECT_OBJC_ISA_USAGE = YES_ERROR;
				CLANG_WARN_DOCUMENTATION_COMMENTS = YES;
				CLANG_WARN_EMPTY_BODY = YES;
				CLANG_WARN_ENUM_CONVERSION = YES;
				CLANG_WARN_INFINITE_RECURSION = YES;
				CLANG_WARN_INT_CONVERSION = YES;
				CLANG_WARN_NON_LITERAL_NULL_CONVERSION = YES;
				CLANG_WARN_OBJC_LITERAL_CONVERSION = YES;
				CLANG_WARN_OBJC_ROOT_CLASS = YES_ERROR;
				CLANG_WARN_RANGE_LOOP_ANALYSIS = YES;
				CLANG_WARN_STRICT_PROTOTYPES = YES;
				CLANG_WARN_SUSPICIOUS_MOVE = YES;
				CLANG_WARN_UNGUARDED_AVAILABILITY = YES_AGGRESSIVE;
				CLANG_WARN_UNREACHABLE_CODE = YES;
				CLANG_WARN__DUPLICATE_METHOD_MATCH = YES;
				CODE_SIGN_IDENTITY = "iPhone Developer";
				COPY_PHASE_STRIP = NO;
				DEBUG_INFORMATION_FORMAT = dwarf;
				ENABLE_STRICT_OBJC_MSGSEND = YES;
				ENABLE_TESTABILITY = YES;
				GCC_C_LANGUAGE_STANDARD = gnu11;
				GCC_DYNAMIC_NO_PIC = NO;
				GCC_NO_COMMON_BLOCKS = YES;
				GCC_OPTIMIZATION_LEVEL = 0;
				GCC_PREPROCESSOR_DEFINITIONS = (
					"DEBUG=1",
					"$(inherited)",
				);
				GCC_WARN_64_TO_32_BIT_CONVERSION = YES;
				GCC_WARN_ABOUT_RETURN_TYPE = YES_ERROR;
				GCC_WARN_UNDECLARED_SELECTOR = YES;
				GCC_WARN_UNINITIALIZED_AUTOS = YES_AGGRESSIVE;
				GCC_WARN_UNUSED_FUNCTION = YES;
				GCC_WARN_UNUSED_VARIABLE = YES;
				IPHONEOS_DEPLOYMENT_TARGET = 11.1;
				MTL_ENABLE_DEBUG_INFO = YES;
				ONLY_ACTIVE_ARCH = YES;
				SDKROOT = iphoneos;
			};
			name = Debug;
		};
		BF9ABB7A1FD0BED000775F7B /* Release */ = {
			isa = XCBuildConfiguration;
			buildSettings = {
				ALWAYS_SEARCH_USER_PATHS = NO;
				CLANG_ANALYZER_NONNULL = YES;
				CLANG_ANALYZER_NUMBER_OBJECT_CONVERSION = YES_AGGRESSIVE;
				CLANG_CXX_LANGUAGE_STANDARD = "gnu++14";
				CLANG_CXX_LIBRARY = "libc++";
				CLANG_ENABLE_MODULES = YES;
				CLANG_ENABLE_OBJC_ARC = YES;
				CLANG_WARN_BLOCK_CAPTURE_AUTORELEASING = YES;
				CLANG_WARN_BOOL_CONVERSION = YES;
				CLANG_WARN_COMMA = YES;
				CLANG_WARN_CONSTANT_CONVERSION = YES;
				CLANG_WARN_DIRECT_OBJC_ISA_USAGE = YES_ERROR;
				CLANG_WARN_DOCUMENTATION_COMMENTS = YES;
				CLANG_WARN_EMPTY_BODY = YES;
				CLANG_WARN_ENUM_CONVERSION = YES;
				CLANG_WARN_INFINITE_RECURSION = YES;
				CLANG_WARN_INT_CONVERSION = YES;
				CLANG_WARN_NON_LITERAL_NULL_CONVERSION = YES;
				CLANG_WARN_OBJC_LITERAL_CONVERSION = YES;
				CLANG_WARN_OBJC_ROOT_CLASS = YES_ERROR;
				CLANG_WARN_RANGE_LOOP_ANALYSIS = YES;
				CLANG_WARN_STRICT_PROTOTYPES = YES;
				CLANG_WARN_SUSPICIOUS_MOVE = YES;
				CLANG_WARN_UNGUARDED_AVAILABILITY = YES_AGGRESSIVE;
				CLANG_WARN_UNREACHABLE_CODE = YES;
				CLANG_WARN__DUPLICATE_METHOD_MATCH = YES;
				CODE_SIGN_IDENTITY = "iPhone Developer";
				COPY_PHASE_STRIP = NO;
				DEBUG_INFORMATION_FORMAT = "dwarf-with-dsym";
				ENABLE_NS_ASSERTIONS = NO;
				ENABLE_STRICT_OBJC_MSGSEND = YES;
				GCC_C_LANGUAGE_STANDARD = gnu11;
				GCC_NO_COMMON_BLOCKS = YES;
				GCC_WARN_64_TO_32_BIT_CONVERSION = YES;
				GCC_WARN_ABOUT_RETURN_TYPE = YES_ERROR;
				GCC_WARN_UNDECLARED_SELECTOR = YES;
				GCC_WARN_UNINITIALIZED_AUTOS = YES_AGGRESSIVE;
				GCC_WARN_UNUSED_FUNCTION = YES;
				GCC_WARN_UNUSED_VARIABLE = YES;
				IPHONEOS_DEPLOYMENT_TARGET = 11.1;
				MTL_ENABLE_DEBUG_INFO = NO;
				SDKROOT = iphoneos;
				VALIDATE_PRODUCT = YES;
			};
			name = Release;
		};
		BF9ABB7C1FD0BED000775F7B /* Debug */ = {
			isa = XCBuildConfiguration;
			baseConfigurationReference = BE0BF712F7C8DF17B08E5D2B /* Pods-Cache.debug.xcconfig */;
			buildSettings = {
				ASSETCATALOG_COMPILER_APPICON_NAME = AppIcon;
				CODE_SIGN_STYLE = Automatic;
				DEVELOPMENT_TEAM = 3R48RV923F;
				INFOPLIST_FILE = Cache/Info.plist;
				IPHONEOS_DEPLOYMENT_TARGET = 9.0;
				LD_RUNPATH_SEARCH_PATHS = "$(inherited) @executable_path/Frameworks";
				PRODUCT_BUNDLE_IDENTIFIER = com.bailing.Cache;
				PRODUCT_NAME = "$(TARGET_NAME)";
				TARGETED_DEVICE_FAMILY = 1;
			};
			name = Debug;
		};
		BF9ABB7D1FD0BED000775F7B /* Release */ = {
			isa = XCBuildConfiguration;
			baseConfigurationReference = DFBDBC21FCB0AA7957F62B1E /* Pods-Cache.release.xcconfig */;
			buildSettings = {
				ASSETCATALOG_COMPILER_APPICON_NAME = AppIcon;
				CODE_SIGN_STYLE = Automatic;
				DEVELOPMENT_TEAM = 3R48RV923F;
				INFOPLIST_FILE = Cache/Info.plist;
				IPHONEOS_DEPLOYMENT_TARGET = 9.0;
				LD_RUNPATH_SEARCH_PATHS = "$(inherited) @executable_path/Frameworks";
				PRODUCT_BUNDLE_IDENTIFIER = com.bailing.Cache;
				PRODUCT_NAME = "$(TARGET_NAME)";
				TARGETED_DEVICE_FAMILY = 1;
			};
			name = Release;
		};
/* End XCBuildConfiguration section */

/* Begin XCConfigurationList section */
		BF9ABB601FD0BED000775F7B /* Build configuration list for PBXProject "Cache" */ = {
			isa = XCConfigurationList;
			buildConfigurations = (
				BF9ABB791FD0BED000775F7B /* Debug */,
				BF9ABB7A1FD0BED000775F7B /* Release */,
			);
			defaultConfigurationIsVisible = 0;
			defaultConfigurationName = Release;
		};
		BF9ABB7B1FD0BED000775F7B /* Build configuration list for PBXNativeTarget "Cache" */ = {
			isa = XCConfigurationList;
			buildConfigurations = (
				BF9ABB7C1FD0BED000775F7B /* Debug */,
				BF9ABB7D1FD0BED000775F7B /* Release */,
			);
			defaultConfigurationIsVisible = 0;
			defaultConfigurationName = Release;
		};
/* End XCConfigurationList section */
	};
	rootObject = BF9ABB5D1FD0BED000775F7B /* Project object */;
}
